
Microsoft Visual Studio Solution File, Format Version 12.00
Project("{2150E333-8FDC-42A3-9474-1A3956D46DE8}") = "src", "src", "{6E33B6BE-694F-4A1D-A357-5EB1460CD1FC}"
EndProject
Project("{2150E333-8FDC-42A3-9474-1A3956D46DE8}") = "test", "test", "{24E38B25-98F0-4A64-8784-AD689F124B96}"
EndProject
Project("{2150E333-8FDC-42A3-9474-1A3956D46DE8}") = "Autenticacao", "Autenticacao", "{DDFA7CA7-E1A8-4FB0-93A6-5C313DC3FAEB}"
EndProject
Project("{2150E333-8FDC-42A3-9474-1A3956D46DE8}") = "Conta", "Conta", "{49D7B57A-0C4A-4A17-8415-FCA2AB45B78A}"
EndProject
Project("{2150E333-8FDC-42A3-9474-1A3956D46DE8}") = "Util", "Util", "{B80C103A-959F-4457-8FBD-23F86C7C32A3}"
EndProject
Project("{FAE04EC0-301F-11D3-BF4B-00C04F79EFBC}") = "Brka.Bank.Contas.Repository", "src\Conta\Brka.Bank.Contas.Repository\Brka.Bank.Contas.Repository.csproj", "{E465622C-8DAE-44DD-B2EB-F9512084C3A2}"
EndProject
Project("{FAE04EC0-301F-11D3-BF4B-00C04F79EFBC}") = "Brka.Bank.Contas.Domain", "src\Conta\Brka.Bank.Contas.Domain\Brka.Bank.Contas.Domain.csproj", "{439359FD-F213-4043-A8E2-838FB24C4FD4}"
EndProject
Project("{FAE04EC0-301F-11D3-BF4B-00C04F79EFBC}") = "Brka.Bank.Contas.WebApi", "src\Conta\Brka.Bank.Contas.WebApi\Brka.Bank.Contas.WebApi.csproj", "{9B71A975-7774-44E5-B506-4434AA36C6B9}"
EndProject
Project("{FAE04EC0-301F-11D3-BF4B-00C04F79EFBC}") = "Brka.Bank.Lib.WebApi", "src\Util\Brka.Bank.Lib.WebApi\Brka.Bank.Lib.WebApi.csproj", "{F30222CF-A5E1-4CE2-861A-BF4D89D4DF5F}"
EndProject
Project("{FAE04EC0-301F-11D3-BF4B-00C04F79EFBC}") = "Brka.Bank.Contas.Service", "src\Conta\Brka.Bank.Contas.Service\Brka.Bank.Contas.Service.csproj", "{08711603-5058-4BCC-A903-AD8EA249A5AC}"
EndProject
Project("{FAE04EC0-301F-11D3-BF4B-00C04F79EFBC}") = "Brka.Bank.Contas.Integration.Test", "test\Brka.Bank.Contas.Integration.Test\Brka.Bank.Contas.Integration.Test.csproj", "{7A3A1274-0BE9-46FB-9844-81097C073A85}"
EndProject
Project("{FAE04EC0-301F-11D3-BF4B-00C04F79EFBC}") = "Brka.Bank.Contas.Unit.Test", "test\Brka.Bank.Contas.Unit.Test\Brka.Bank.Contas.Unit.Test.csproj", "{81E61C70-245F-45E5-87E4-830BB0B37A13}"
EndProject
Project("{2150E333-8FDC-42A3-9474-1A3956D46DE8}") = "BacenGateway", "BacenGateway", "{56720D2C-16DA-4294-B58F-10DE6DD121C0}"
EndProject
Project("{FAE04EC0-301F-11D3-BF4B-00C04F79EFBC}") = "Brka.Bank.BacenGateway.WebApi", "src\BacenGateway\Brka.Bank.BacenGateway.WebApi\Brka.Bank.BacenGateway.WebApi.csproj", "{ABC3BE20-F599-4327-AAF3-057562E2940A}"
EndProject
Project("{FAE04EC0-301F-11D3-BF4B-00C04F79EFBC}") = "Brka.Bank.BacenGateway.Integration.Test", "test\Brka.Bank.BacenGateway.Integration.Test\Brka.Bank.BacenGateway.Integration.Test.csproj", "{3D4AA25F-5DA9-4459-89D2-65737996C015}"
EndProject
Global
	GlobalSection(SolutionConfigurationPlatforms) = preSolution
		Debug|Any CPU = Debug|Any CPU
		Release|Any CPU = Release|Any CPU
	EndGlobalSection
	GlobalSection(NestedProjects) = preSolution
		{DDFA7CA7-E1A8-4FB0-93A6-5C313DC3FAEB} = {6E33B6BE-694F-4A1D-A357-5EB1460CD1FC}
		{49D7B57A-0C4A-4A17-8415-FCA2AB45B78A} = {6E33B6BE-694F-4A1D-A357-5EB1460CD1FC}
		{B80C103A-959F-4457-8FBD-23F86C7C32A3} = {6E33B6BE-694F-4A1D-A357-5EB1460CD1FC}
		{E465622C-8DAE-44DD-B2EB-F9512084C3A2} = {49D7B57A-0C4A-4A17-8415-FCA2AB45B78A}
		{439359FD-F213-4043-A8E2-838FB24C4FD4} = {49D7B57A-0C4A-4A17-8415-FCA2AB45B78A}
		{9B71A975-7774-44E5-B506-4434AA36C6B9} = {49D7B57A-0C4A-4A17-8415-FCA2AB45B78A}
		{F30222CF-A5E1-4CE2-861A-BF4D89D4DF5F} = {B80C103A-959F-4457-8FBD-23F86C7C32A3}
		{08711603-5058-4BCC-A903-AD8EA249A5AC} = {49D7B57A-0C4A-4A17-8415-FCA2AB45B78A}
		{7A3A1274-0BE9-46FB-9844-81097C073A85} = {24E38B25-98F0-4A64-8784-AD689F124B96}
		{81E61C70-245F-45E5-87E4-830BB0B37A13} = {24E38B25-98F0-4A64-8784-AD689F124B96}
		{56720D2C-16DA-4294-B58F-10DE6DD121C0} = {6E33B6BE-694F-4A1D-A357-5EB1460CD1FC}
		{ABC3BE20-F599-4327-AAF3-057562E2940A} = {56720D2C-16DA-4294-B58F-10DE6DD121C0}
		{3D4AA25F-5DA9-4459-89D2-65737996C015} = {24E38B25-98F0-4A64-8784-AD689F124B96}
	EndGlobalSection
	GlobalSection(ProjectConfigurationPlatforms) = postSolution
		{E465622C-8DAE-44DD-B2EB-F9512084C3A2}.Debug|Any CPU.ActiveCfg = Debug|Any CPU
		{E465622C-8DAE-44DD-B2EB-F9512084C3A2}.Debug|Any CPU.Build.0 = Debug|Any CPU
		{E465622C-8DAE-44DD-B2EB-F9512084C3A2}.Release|Any CPU.ActiveCfg = Release|Any CPU
		{E465622C-8DAE-44DD-B2EB-F9512084C3A2}.Release|Any CPU.Build.0 = Release|Any CPU
		{439359FD-F213-4043-A8E2-838FB24C4FD4}.Debug|Any CPU.ActiveCfg = Debug|Any CPU
		{439359FD-F213-4043-A8E2-838FB24C4FD4}.Debug|Any CPU.Build.0 = Debug|Any CPU
		{439359FD-F213-4043-A8E2-838FB24C4FD4}.Release|Any CPU.ActiveCfg = Release|Any CPU
		{439359FD-F213-4043-A8E2-838FB24C4FD4}.Release|Any CPU.Build.0 = Release|Any CPU
		{9B71A975-7774-44E5-B506-4434AA36C6B9}.Debug|Any CPU.ActiveCfg = Debug|Any CPU
		{9B71A975-7774-44E5-B506-4434AA36C6B9}.Debug|Any CPU.Build.0 = Debug|Any CPU
		{9B71A975-7774-44E5-B506-4434AA36C6B9}.Release|Any CPU.ActiveCfg = Release|Any CPU
		{9B71A975-7774-44E5-B506-4434AA36C6B9}.Release|Any CPU.Build.0 = Release|Any CPU
		{F30222CF-A5E1-4CE2-861A-BF4D89D4DF5F}.Debug|Any CPU.ActiveCfg = Debug|Any CPU
		{F30222CF-A5E1-4CE2-861A-BF4D89D4DF5F}.Debug|Any CPU.Build.0 = Debug|Any CPU
		{F30222CF-A5E1-4CE2-861A-BF4D89D4DF5F}.Release|Any CPU.ActiveCfg = Release|Any CPU
		{F30222CF-A5E1-4CE2-861A-BF4D89D4DF5F}.Release|Any CPU.Build.0 = Release|Any CPU
		{08711603-5058-4BCC-A903-AD8EA249A5AC}.Debug|Any CPU.ActiveCfg = Debug|Any CPU
		{08711603-5058-4BCC-A903-AD8EA249A5AC}.Debug|Any CPU.Build.0 = Debug|Any CPU
		{08711603-5058-4BCC-A903-AD8EA249A5AC}.Release|Any CPU.ActiveCfg = Release|Any CPU
		{08711603-5058-4BCC-A903-AD8EA249A5AC}.Release|Any CPU.Build.0 = Release|Any CPU
		{7A3A1274-0BE9-46FB-9844-81097C073A85}.Debug|Any CPU.ActiveCfg = Debug|Any CPU
		{7A3A1274-0BE9-46FB-9844-81097C073A85}.Debug|Any CPU.Build.0 = Debug|Any CPU
		{7A3A1274-0BE9-46FB-9844-81097C073A85}.Release|Any CPU.ActiveCfg = Release|Any CPU
		{7A3A1274-0BE9-46FB-9844-81097C073A85}.Release|Any CPU.Build.0 = Release|Any CPU
		{81E61C70-245F-45E5-87E4-830BB0B37A13}.Debug|Any CPU.ActiveCfg = Debug|Any CPU
		{81E61C70-245F-45E5-87E4-830BB0B37A13}.Debug|Any CPU.Build.0 = Debug|Any CPU
		{81E61C70-245F-45E5-87E4-830BB0B37A13}.Release|Any CPU.ActiveCfg = Release|Any CPU
		{81E61C70-245F-45E5-87E4-830BB0B37A13}.Release|Any CPU.Build.0 = Release|Any CPU
		{ABC3BE20-F599-4327-AAF3-057562E2940A}.Debug|Any CPU.ActiveCfg = Debug|Any CPU
		{ABC3BE20-F599-4327-AAF3-057562E2940A}.Debug|Any CPU.Build.0 = Debug|Any CPU
		{ABC3BE20-F599-4327-AAF3-057562E2940A}.Release|Any CPU.ActiveCfg = Release|Any CPU
		{ABC3BE20-F599-4327-AAF3-057562E2940A}.Release|Any CPU.Build.0 = Release|Any CPU
		{3D4AA25F-5DA9-4459-89D2-65737996C015}.Debug|Any CPU.ActiveCfg = Debug|Any CPU
		{3D4AA25F-5DA9-4459-89D2-65737996C015}.Debug|Any CPU.Build.0 = Debug|Any CPU
		{3D4AA25F-5DA9-4459-89D2-65737996C015}.Release|Any CPU.ActiveCfg = Release|Any CPU
		{3D4AA25F-5DA9-4459-89D2-65737996C015}.Release|Any CPU.Build.0 = Release|Any CPU
	EndGlobalSection
EndGlobal
